
Microsoft Visual Studio Solution File, Format Version 12.00
# Visual Studio Version 16
VisualStudioVersion = 16.0.30709.132
MinimumVisualStudioVersion = 10.0.40219.1
Project("{FAE04EC0-301F-11D3-BF4B-00C04F79EFBC}") = "Muziekspeler.UWP", "Muziekspeler.UWP\Muziekspeler.UWP.csproj", "{97C8D224-BB93-46E9-AEB0-8F473B709D85}"
EndProject
Project("{9A19103F-16F7-4668-BE54-9A1E7A4F7556}") = "Muziekspeler.Server", "Muziekspeler.Server\Muziekspeler.Server.csproj", "{10344DE4-0B7B-476C-B051-4B482FCE39CF}"
EndProject
Project("{9A19103F-16F7-4668-BE54-9A1E7A4F7556}") = "Muziekspeler.Common", "Muziekspeler.Common\Muziekspeler.Common.csproj", "{742846FC-A97A-4EFA-BE58-8D7668FACBE3}"
EndProject
Global
	GlobalSection(SolutionConfigurationPlatforms) = preSolution
		Debug|Any CPU = Debug|Any CPU
		Debug|ARM = Debug|ARM
		Debug|ARM64 = Debug|ARM64
		Debug|x64 = Debug|x64
		Debug|x86 = Debug|x86
		Release|Any CPU = Release|Any CPU
		Release|ARM = Release|ARM
		Release|ARM64 = Release|ARM64
		Release|x64 = Release|x64
		Release|x86 = Release|x86
	EndGlobalSection
	GlobalSection(ProjectConfigurationPlatforms) = postSolution
		{97C8D224-BB93-46E9-AEB0-8F473B709D85}.Debug|Any CPU.ActiveCfg = Debug|x86
		{97C8D224-BB93-46E9-AEB0-8F473B709D85}.Debug|Any CPU.Build.0 = Debug|x86
		{97C8D224-BB93-46E9-AEB0-8F473B709D85}.Debug|Any CPU.Deploy.0 = Debug|x86
		{97C8D224-BB93-46E9-AEB0-8F473B709D85}.Debug|ARM.ActiveCfg = Debug|ARM
		{97C8D224-BB93-46E9-AEB0-8F473B709D85}.Debug|ARM.Build.0 = Debug|ARM
		{97C8D224-BB93-46E9-AEB0-8F473B709D85}.Debug|ARM.Deploy.0 = Debug|ARM
		{97C8D224-BB93-46E9-AEB0-8F473B709D85}.Debug|ARM64.ActiveCfg = Debug|ARM64
		{97C8D224-BB93-46E9-AEB0-8F473B709D85}.Debug|ARM64.Build.0 = Debug|ARM64
		{97C8D224-BB93-46E9-AEB0-8F473B709D85}.Debug|ARM64.Deploy.0 = Debug|ARM64
		{97C8D224-BB93-46E9-AEB0-8F473B709D85}.Debug|x64.ActiveCfg = Debug|x64
		{97C8D224-BB93-46E9-AEB0-8F473B709D85}.Debug|x64.Build.0 = Debug|x64
		{97C8D224-BB93-46E9-AEB0-8F473B709D85}.Debug|x64.Deploy.0 = Debug|x64
		{97C8D224-BB93-46E9-AEB0-8F473B709D85}.Debug|x86.ActiveCfg = Debug|x86
		{97C8D224-BB93-46E9-AEB0-8F473B709D85}.Debug|x86.Build.0 = Debug|x86
		{97C8D224-BB93-46E9-AEB0-8F473B709D85}.Debug|x86.Deploy.0 = Debug|x86
		{97C8D224-BB93-46E9-AEB0-8F473B709D85}.Release|Any CPU.ActiveCfg = Release|x86
		{97C8D224-BB93-46E9-AEB0-8F473B709D85}.Release|ARM.ActiveCfg = Release|ARM
		{97C8D224-BB93-46E9-AEB0-8F473B709D85}.Release|ARM.Build.0 = Release|ARM
		{97C8D224-BB93-46E9-AEB0-8F473B709D85}.Release|ARM.Deploy.0 = Release|ARM
		{97C8D224-BB93-46E9-AEB0-8F473B709D85}.Release|ARM64.ActiveCfg = Release|ARM64
		{97C8D224-BB93-46E9-AEB0-8F473B709D85}.Release|ARM64.Build.0 = Release|ARM64
		{97C8D224-BB93-46E9-AEB0-8F473B709D85}.Release|ARM64.Deploy.0 = Release|ARM64
		{97C8D224-BB93-46E9-AEB0-8F473B709D85}.Release|x64.ActiveCfg = Release|x64
		{97C8D224-BB93-46E9-AEB0-8F473B709D85}.Release|x64.Build.0 = Release|x64
		{97C8D224-BB93-46E9-AEB0-8F473B709D85}.Release|x64.Deploy.0 = Release|x64
		{97C8D224-BB93-46E9-AEB0-8F473B709D85}.Release|x86.ActiveCfg = Release|x86
		{97C8D224-BB93-46E9-AEB0-8F473B709D85}.Release|x86.Build.0 = Release|x86
		{97C8D224-BB93-46E9-AEB0-8F473B709D85}.Release|x86.Deploy.0 = Release|x86
		{10344DE4-0B7B-476C-B051-4B482FCE39CF}.Debug|Any CPU.ActiveCfg = Debug|Any CPU
		{10344DE4-0B7B-476C-B051-4B482FCE39CF}.Debug|Any CPU.Build.0 = Debug|Any CPU
		{10344DE4-0B7B-476C-B051-4B482FCE39CF}.Debug|ARM.ActiveCfg = Debug|Any CPU
		{10344DE4-0B7B-476C-B051-4B482FCE39CF}.Debug|ARM.Build.0 = Debug|Any CPU
		{10344DE4-0B7B-476C-B051-4B482FCE39CF}.Debug|ARM64.ActiveCfg = Debug|Any CPU
		{10344DE4-0B7B-476C-B051-4B482FCE39CF}.Debug|ARM64.Build.0 = Debug|Any CPU
		{10344DE4-0B7B-476C-B051-4B482FCE39CF}.Debug|x64.ActiveCfg = Debug|Any CPU
		{10344DE4-0B7B-476C-B051-4B482FCE39CF}.Debug|x64.Build.0 = Debug|Any CPU
		{10344DE4-0B7B-476C-B051-4B482FCE39CF}.Debug|x86.ActiveCfg = Debug|Any CPU
		{10344DE4-0B7B-476C-B051-4B482FCE39CF}.Debug|x86.Build.0 = Debug|Any CPU
		{10344DE4-0B7B-476C-B051-4B482FCE39CF}.Release|Any CPU.ActiveCfg = Release|Any CPU
		{10344DE4-0B7B-476C-B051-4B482FCE39CF}.Release|Any CPU.Build.0 = Release|Any CPU
		{10344DE4-0B7B-476C-B051-4B482FCE39CF}.Release|ARM.ActiveCfg = Release|Any CPU
		{10344DE4-0B7B-476C-B051-4B482FCE39CF}.Release|ARM.Build.0 = Release|Any CPU
		{10344DE4-0B7B-476C-B051-4B482FCE39CF}.Release|ARM64.ActiveCfg = Release|Any CPU
		{10344DE4-0B7B-476C-B051-4B482FCE39CF}.Release|ARM64.Build.0 = Release|Any CPU
		{10344DE4-0B7B-476C-B051-4B482FCE39CF}.Release|x64.ActiveCfg = Release|Any CPU
		{10344DE4-0B7B-476C-B051-4B482FCE39CF}.Release|x64.Build.0 = Release|Any CPU
		{10344DE4-0B7B-476C-B051-4B482FCE39CF}.Release|x86.ActiveCfg = Release|Any CPU
		{10344DE4-0B7B-476C-B051-4B482FCE39CF}.Release|x86.Build.0 = Release|Any CPU
		{742846FC-A97A-4EFA-BE58-8D7668FACBE3}.Debug|Any CPU.ActiveCfg = Debug|Any CPU
		{742846FC-A97A-4EFA-BE58-8D7668FACBE3}.Debug|Any CPU.Build.0 = Debug|Any CPU
		{742846FC-A97A-4EFA-BE58-8D7668FACBE3}.Debug|ARM.ActiveCfg = Debug|Any CPU
		{742846FC-A97A-4EFA-BE58-8D7668FACBE3}.Debug|ARM.Build.0 = Debug|Any CPU
		{742846FC-A97A-4EFA-BE58-8D7668FACBE3}.Debug|ARM64.ActiveCfg = Debug|Any CPU
		{742846FC-A97A-4EFA-BE58-8D7668FACBE3}.Debug|ARM64.Build.0 = Debug|Any CPU
		{742846FC-A97A-4EFA-BE58-8D7668FACBE3}.Debug|x64.ActiveCfg = Debug|Any CPU
		{742846FC-A97A-4EFA-BE58-8D7668FACBE3}.Debug|x64.Build.0 = Debug|Any CPU
		{742846FC-A97A-4EFA-BE58-8D7668FACBE3}.Debug|x86.ActiveCfg = Debug|Any CPU
		{742846FC-A97A-4EFA-BE58-8D7668FACBE3}.Debug|x86.Build.0 = Debug|Any CPU
		{742846FC-A97A-4EFA-BE58-8D7668FACBE3}.Release|Any CPU.ActiveCfg = Release|Any CPU
		{742846FC-A97A-4EFA-BE58-8D7668FACBE3}.Release|Any CPU.Build.0 = Release|Any CPU
		{742846FC-A97A-4EFA-BE58-8D7668FACBE3}.Release|ARM.ActiveCfg = Release|Any CPU
		{742846FC-A97A-4EFA-BE58-8D7668FACBE3}.Release|ARM.Build.0 = Release|Any CPU
		{742846FC-A97A-4EFA-BE58-8D7668FACBE3}.Release|ARM64.ActiveCfg = Release|Any CPU
		{742846FC-A97A-4EFA-BE58-8D7668FACBE3}.Release|ARM64.Build.0 = Release|Any CPU
		{742846FC-A97A-4EFA-BE58-8D7668FACBE3}.Release|x64.ActiveCfg = Release|Any CPU
		{742846FC-A97A-4EFA-BE58-8D7668FACBE3}.Release|x64.Build.0 = Release|Any CPU
		{742846FC-A97A-4EFA-BE58-8D7668FACBE3}.Release|x86.ActiveCfg = Release|Any CPU
		{742846FC-A97A-4EFA-BE58-8D7668FACBE3}.Release|x86.Build.0 = Release|Any CPU
	EndGlobalSection
	GlobalSection(SolutionProperties) = preSolution
		HideSolutionNode = FALSE
	EndGlobalSection
	GlobalSection(ExtensibilityGlobals) = postSolution
		SolutionGuid = {F48A31C4-4211-48C0-8554-58308D66D2E2}
	EndGlobalSection
EndGlobal
